
Microsoft Visual Studio Solution File, Format Version 12.00
# Visual Studio 15
VisualStudioVersion = 15.0.28010.2041
MinimumVisualStudioVersion = 10.0.40219.1
Project("{FAE04EC0-301F-11D3-BF4B-00C04F79EFBC}") = "lab5", "lab5\lab5.csproj", "{61E87DAD-5303-472C-B6ED-DCCD74793FEB}"
EndProject
Global
	GlobalSection(SolutionConfigurationPlatforms) = preSolution
		Debug|Any CPU = Debug|Any CPU
		Release|Any CPU = Release|Any CPU
	EndGlobalSection
	GlobalSection(ProjectConfigurationPlatforms) = postSolution
		{61E87DAD-5303-472C-B6ED-DCCD74793FEB}.Debug|Any CPU.ActiveCfg = Debug|Any CPU
		{61E87DAD-5303-472C-B6ED-DCCD74793FEB}.Debug|Any CPU.Build.0 = Debug|Any CPU
		{61E87DAD-5303-472C-B6ED-DCCD74793FEB}.Release|Any CPU.ActiveCfg = Release|Any CPU
		{61E87DAD-5303-472C-B6ED-DCCD74793FEB}.Release|Any CPU.Build.0 = Release|Any CPU
	EndGlobalSection
	GlobalSection(SolutionProperties) = preSolution
		HideSolutionNode = FALSE
	EndGlobalSection
	GlobalSection(ExtensibilityGlobals) = postSolution
		SolutionGuid = {F0E2D0BF-2C27-4C7C-9792-B210487FEB60}
	EndGlobalSection
EndGlobal
